
Microsoft Visual Studio Solution File, Format Version 12.00
# Visual Studio Version 16
VisualStudioVersion = 16.0.31911.196
MinimumVisualStudioVersion = 10.0.40219.1
Project("{9A19103F-16F7-4668-BE54-9A1E7A4F7556}") = "UserRegistrationAndJUnit", "UserRegistrationAndJUnit\UserRegistrationAndJUnit.csproj", "{1926BA47-F1C3-4F29-A101-C53DAC6673D4}"
EndProject
Project("{FAE04EC0-301F-11D3-BF4B-00C04F79EFBC}") = "FormTestingUsingJunit", "FormTestingUsingJunit\FormTestingUsingJunit.csproj", "{DE2742C7-1207-4153-8464-8911381E6316}"
EndProject
Global
	GlobalSection(SolutionConfigurationPlatforms) = preSolution
		Debug|Any CPU = Debug|Any CPU
		Release|Any CPU = Release|Any CPU
	EndGlobalSection
	GlobalSection(ProjectConfigurationPlatforms) = postSolution
		{1926BA47-F1C3-4F29-A101-C53DAC6673D4}.Debug|Any CPU.ActiveCfg = Debug|Any CPU
		{1926BA47-F1C3-4F29-A101-C53DAC6673D4}.Debug|Any CPU.Build.0 = Debug|Any CPU
		{1926BA47-F1C3-4F29-A101-C53DAC6673D4}.Release|Any CPU.ActiveCfg = Release|Any CPU
		{1926BA47-F1C3-4F29-A101-C53DAC6673D4}.Release|Any CPU.Build.0 = Release|Any CPU
		{DE2742C7-1207-4153-8464-8911381E6316}.Debug|Any CPU.ActiveCfg = Debug|Any CPU
		{DE2742C7-1207-4153-8464-8911381E6316}.Debug|Any CPU.Build.0 = Debug|Any CPU
		{DE2742C7-1207-4153-8464-8911381E6316}.Release|Any CPU.ActiveCfg = Release|Any CPU
		{DE2742C7-1207-4153-8464-8911381E6316}.Release|Any CPU.Build.0 = Release|Any CPU
	EndGlobalSection
	GlobalSection(SolutionProperties) = preSolution
		HideSolutionNode = FALSE
	EndGlobalSection
	GlobalSection(ExtensibilityGlobals) = postSolution
		SolutionGuid = {6BEF07D1-E5F0-4B10-8411-230FB4BE5A79}
	EndGlobalSection
EndGlobal
